{
  "nodes": {
    "commonmark-simple": {
      "flake": false,
      "locked": {
        "lastModified": 1707333942,
        "narHash": "sha256-o1am93UXviPVdwwPPL5DcD8M4gwFple8SKw/lVmixa8=",
        "owner": "srid",
        "repo": "commonmark-simple",
        "rev": "0308362957d77eea462c2c99d110820fbf30b4b8",
        "type": "github"
      },
      "original": {
        "owner": "srid",
        "repo": "commonmark-simple",
        "type": "github"
      }
    },
    "commonmark-wikilink": {
      "flake": false,
      "locked": {
        "lastModified": 1711394028,
        "narHash": "sha256-eu5gMmgRz6Y51TBCaB26uJKNN3z1LRfUcTV4+PMy5Gw=",
        "owner": "srid",
        "repo": "commonmark-wikilink",
        "rev": "57dcf665082ffc1b6f35a427e203ed115821b15c",
        "type": "github"
      },
      "original": {
        "owner": "srid",
        "repo": "commonmark-wikilink",
        "type": "github"
      }
    },
    "ema": {
      "inputs": {
        "emanote": [
          "emanote"
        ],
        "flake-parts": [
          "flake-parts"
        ],
        "flake-root": [
          "flake-root"
        ],
        "haskell-flake": [
          "haskell-flake"
        ],
        "nixpkgs": [
          "nixpkgs"
        ],
        "treefmt-nix": [
          "treefmt-nix"
        ]
      },
      "locked": {
        "lastModified": 1710101403,
        "narHash": "sha256-7n+2ekoXM5ltDoirVyCX3Ob94dm7L8SllI1JMmFmeGA=",
        "owner": "srid",
        "repo": "ema",
        "rev": "51566e4155602b0a243a369b37dc503ebdebabce",
        "type": "github"
      },
      "original": {
        "owner": "srid",
        "repo": "ema",
        "type": "github"
      }
    },
    "emanote": {
      "inputs": {
        "commonmark-simple": "commonmark-simple",
        "commonmark-wikilink": "commonmark-wikilink",
        "ema": [
          "ema"
        ],
        "emanote-template": "emanote-template",
        "flake-parts": [
          "flake-parts"
        ],
        "flake-root": [
          "flake-root"
        ],
        "haskell-flake": [
          "haskell-flake"
        ],
        "heist-extra": "heist-extra",
        "nix-health": "nix-health",
        "nixpkgs": [
          "nixpkgs"
        ],
        "systems": "systems",
        "treefmt-nix": [
          "treefmt-nix"
        ],
        "unionmount": "unionmount"
      },
      "locked": {
        "lastModified": 1719887178,
        "narHash": "sha256-GAxmOxH0NnzgIjtcY5OvLguXlQuh2Hs82pQ8WLBai04=",
        "owner": "srid",
        "repo": "emanote",
        "rev": "e20dbc918df86436ad1e97c79b74337b3625798f",
        "type": "github"
      },
      "original": {
        "owner": "srid",
        "repo": "emanote",
        "type": "github"
      }
    },
    "emanote-template": {
      "flake": false,
      "locked": {
        "lastModified": 1711847690,
        "narHash": "sha256-A/5b7vB1+FI2qsuPJL/pZ9CkWozSCbOoaqqN4y+Pmxc=",
        "owner": "srid",
        "repo": "emanote-template",
        "rev": "32330b5e3bdca89ca67f5c212be6db43dbb13cd8",
        "type": "github"
      },
      "original": {
        "owner": "srid",
        "repo": "emanote-template",
        "type": "github"
      }
    },
    "flake-compat": {
      "flake": false,
      "locked": {
        "lastModified": 1696426674,
        "narHash": "sha256-kvjfFW7WAETZlt09AgDn1MrtKzP7t90Vf7vypd3OL1U=",
        "owner": "edolstra",
        "repo": "flake-compat",
        "rev": "0f9255e01c2351cc7d116c072cb317785dd33b33",
        "type": "github"
      },
      "original": {
        "owner": "edolstra",
        "repo": "flake-compat",
        "type": "github"
      }
    },
    "flake-parts": {
      "inputs": {
        "nixpkgs-lib": [
          "nixpkgs"
        ]
      },
      "locked": {
        "lastModified": 1719994518,
        "narHash": "sha256-pQMhCCHyQGRzdfAkdJ4cIWiw+JNuWsTX7f0ZYSyz0VY=",
        "owner": "hercules-ci",
        "repo": "flake-parts",
        "rev": "9227223f6d922fee3c7b190b2cc238a99527bbb7",
        "type": "github"
      },
      "original": {
        "owner": "hercules-ci",
        "repo": "flake-parts",
        "type": "github"
      }
    },
    "flake-root": {
      "locked": {
        "lastModified": 1713493429,
        "narHash": "sha256-ztz8JQkI08tjKnsTpfLqzWoKFQF4JGu2LRz8bkdnYUk=",
        "owner": "srid",
        "repo": "flake-root",
        "rev": "bc748b93b86ee76e2032eecda33440ceb2532fcd",
        "type": "github"
      },
      "original": {
        "owner": "srid",
        "repo": "flake-root",
        "type": "github"
      }
    },
    "haskell-flake": {
      "locked": {
        "lastModified": 1720321328,
        "narHash": "sha256-U1vZkKOy7bB/qMRwS8cz4c8sy68Jq8yzRMV4G40U3Us=",
        "owner": "srid",
        "repo": "haskell-flake",
        "rev": "a1506861ce09cca2d233d014fd03dd97ed03e3b9",
        "type": "github"
      },
      "original": {
        "owner": "srid",
        "repo": "haskell-flake",
        "type": "github"
      }
    },
    "heist-extra": {
      "flake": false,
      "locked": {
        "lastModified": 1710541479,
        "narHash": "sha256-9e4U78eutom6D3EJqsCdV8iQxNgYA/pi001r5CZdm0A=",
        "owner": "srid",
        "repo": "heist-extra",
        "rev": "589b7636f620dcdfc0dc07dea720feed1ab3e0fa",
        "type": "github"
      },
      "original": {
        "owner": "srid",
        "repo": "heist-extra",
        "type": "github"
      }
    },
    "nix-filter": {
      "locked": {
        "lastModified": 1710156097,
        "narHash": "sha256-1Wvk8UP7PXdf8bCCaEoMnOT1qe5/Duqgj+rL8sRQsSM=",
        "owner": "numtide",
        "repo": "nix-filter",
        "rev": "3342559a24e85fc164b295c3444e8a139924675b",
        "type": "github"
      },
      "original": {
        "owner": "numtide",
        "repo": "nix-filter",
        "type": "github"
      }
    },
    "nix-health": {
      "locked": {
        "dir": "module",
        "lastModified": 1716931776,
        "narHash": "sha256-M4YqLtNAkj8pqG6dp7wHKz9EOecB3bWHp7WHyXIlMMc=",
        "owner": "juspay",
        "repo": "nix-health",
        "rev": "2f8d8dc30121923192c78a8f5152c5c89fdf1809",
        "type": "github"
      },
      "original": {
        "dir": "module",
        "owner": "juspay",
        "repo": "nix-health",
        "type": "github"
      }
    },
    "nixpkgs": {
      "locked": {
        "lastModified": 1720542800,
        "narHash": "sha256-ZgnNHuKV6h2+fQ5LuqnUaqZey1Lqqt5dTUAiAnqH0QQ=",
        "owner": "nixos",
        "repo": "nixpkgs",
        "rev": "feb2849fdeb70028c70d73b848214b00d324a497",
        "type": "github"
      },
      "original": {
        "owner": "nixos",
        "ref": "nixos-unstable",
        "repo": "nixpkgs",
        "type": "github"
      }
    },
    "root": {
      "inputs": {
        "ema": "ema",
        "emanote": "emanote",
        "flake-compat": "flake-compat",
        "flake-parts": "flake-parts",
        "flake-root": "flake-root",
        "haskell-flake": "haskell-flake",
        "nix-filter": "nix-filter",
        "nixpkgs": "nixpkgs",
        "treefmt-nix": "treefmt-nix"
      }
    },
    "systems": {
      "locked": {
        "lastModified": 1681028828,
        "narHash": "sha256-Vy1rq5AaRuLzOxct8nz4T6wlgyUR7zLU309k9mBC768=",
        "owner": "nix-systems",
        "repo": "default",
        "rev": "da67096a3b9bf56a91d16901293e51ba5b49a27e",
        "type": "github"
      },
      "original": {
        "owner": "nix-systems",
        "repo": "default",
        "type": "github"
      }
    },
    "treefmt-nix": {
      "inputs": {
        "nixpkgs": [
          "nixpkgs"
        ]
      },
      "locked": {
        "lastModified": 1720818892,
        "narHash": "sha256-f52x9srIcqQm1Df3T+xYR5P6VfdnDFa2vkkcLhlTp6U=",
        "owner": "numtide",
        "repo": "treefmt-nix",
        "rev": "5b002f8a53ed04c1a4177e7b00809d57bd2c696f",
        "type": "github"
      },
      "original": {
        "owner": "numtide",
        "repo": "treefmt-nix",
        "type": "github"
      }
    },
    "unionmount": {
      "flake": false,
      "locked": {
        "lastModified": 1710078535,
        "narHash": "sha256-gKBgBtuiRTD3/3EeY8aMgFzuaSEffJacBxsCB3ct1eg=",
        "owner": "srid",
        "repo": "unionmount",
        "rev": "41ae982fa118770bf4d3a3f2d48ac1ffb61c9f09",
        "type": "github"
      },
      "original": {
        "owner": "srid",
        "repo": "unionmount",
        "type": "github"
      }
    }
  },
  "root": "root",
  "version": 7
}
